
Microsoft Visual Studio Solution File, Format Version 12.00
# Visual Studio Version 17
VisualStudioVersion = 17.8.34330.188
MinimumVisualStudioVersion = 10.0.40219.1
Project("{FAE04EC0-301F-11D3-BF4B-00C04F79EFBC}") = "LearnSchoolKum", "LearnSchoolKum\LearnSchoolKum.csproj", "{B43FBD18-1979-45A8-8813-C51DDDDC1514}"
EndProject
Global
	GlobalSection(SolutionConfigurationPlatforms) = preSolution
		Debug|Any CPU = Debug|Any CPU
		Release|Any CPU = Release|Any CPU
	EndGlobalSection
	GlobalSection(ProjectConfigurationPlatforms) = postSolution
		{B43FBD18-1979-45A8-8813-C51DDDDC1514}.Debug|Any CPU.ActiveCfg = Debug|Any CPU
		{B43FBD18-1979-45A8-8813-C51DDDDC1514}.Debug|Any CPU.Build.0 = Debug|Any CPU
		{B43FBD18-1979-45A8-8813-C51DDDDC1514}.Release|Any CPU.ActiveCfg = Release|Any CPU
		{B43FBD18-1979-45A8-8813-C51DDDDC1514}.Release|Any CPU.Build.0 = Release|Any CPU
	EndGlobalSection
	GlobalSection(SolutionProperties) = preSolution
		HideSolutionNode = FALSE
	EndGlobalSection
	GlobalSection(ExtensibilityGlobals) = postSolution
		SolutionGuid = {5423025B-4E77-41DC-8720-CE7F63E6D530}
	EndGlobalSection
EndGlobal
